dependencies:
- name: dagster
  repository: https://dagster-io.github.io/helm
  version: 1.12.17
- name: opentelemetry-collector
  repository: https://open-telemetry.github.io/opentelemetry-helm-charts
  version: 0.108.0
- name: minio
  repository: https://charts.bitnami.com/bitnami
  version: 14.8.5
- name: jaeger
  repository: https://jaegertracing.github.io/helm-charts
  version: 3.4.1
- name: cube
  repository: ""
  version: 0.1.0
digest: sha256:6ae6fbccde3a51fdce2f19d24597532b4e48080e65e23ef8f2b49142dc0ce48a
generated: "2026-03-04T16:55:19.708224709+11:00"
