dependencies:
- name: dagster
  repository: https://dagster-io.github.io/helm
  version: 1.12.17
- name: opentelemetry-collector
  repository: https://open-telemetry.github.io/opentelemetry-helm-charts
  version: 0.108.0
- name: minio
  repository: https://charts.bitnami.com/bitnami
  version: 14.10.5
- name: jaeger
  repository: https://jaegertracing.github.io/helm-charts
  version: 3.4.1
- name: cube
  repository: ""
  version: 0.1.0
digest: sha256:8f65e155bb7a2ed21d13a228110a6c6eebf95f28e180fdedfae55cd2e8e1d432
generated: "2026-04-19T14:56:16.240922+10:00"
