dependencies:
- name: dagster
  repository: https://dagster-io.github.io/helm
  version: 1.9.6
- name: opentelemetry-collector
  repository: https://open-telemetry.github.io/opentelemetry-helm-charts
  version: 0.108.0
- name: minio
  repository: https://charts.bitnami.com/bitnami
  version: 14.8.5
- name: jaeger
  repository: https://jaegertracing.github.io/helm-charts
  version: 3.4.1
digest: sha256:2a064a5292563046f4c40d5d0a57d18e1ae302e89ed51c6475e2408b4cc00c49
generated: "2026-02-03T18:13:20.758123+11:00"
